
Microsoft Visual Studio Solution File, Format Version 12.00
# Visual Studio 15
VisualStudioVersion = 15.0.27004.2002
MinimumVisualStudioVersion = 10.0.40219.1
Project("{8BC9CEB8-8B4A-11D0-8D11-00A0C91BC942}") = "lab9", "lab9\lab9.vcxproj", "{B8911733-D44E-498B-9EE5-6A4DDB9CC462}"
EndProject
Global
	GlobalSection(SolutionConfigurationPlatforms) = preSolution
		Debug|x64 = Debug|x64
		Debug|x86 = Debug|x86
		Release|x64 = Release|x64
		Release|x86 = Release|x86
	EndGlobalSection
	GlobalSection(ProjectConfigurationPlatforms) = postSolution
		{B8911733-D44E-498B-9EE5-6A4DDB9CC462}.Debug|x64.ActiveCfg = Debug|x64
		{B8911733-D44E-498B-9EE5-6A4DDB9CC462}.Debug|x64.Build.0 = Debug|x64
		{B8911733-D44E-498B-9EE5-6A4DDB9CC462}.Debug|x86.ActiveCfg = Debug|Win32
		{B8911733-D44E-498B-9EE5-6A4DDB9CC462}.Debug|x86.Build.0 = Debug|Win32
		{B8911733-D44E-498B-9EE5-6A4DDB9CC462}.Release|x64.ActiveCfg = Release|x64
		{B8911733-D44E-498B-9EE5-6A4DDB9CC462}.Release|x64.Build.0 = Release|x64
		{B8911733-D44E-498B-9EE5-6A4DDB9CC462}.Release|x86.ActiveCfg = Release|Win32
		{B8911733-D44E-498B-9EE5-6A4DDB9CC462}.Release|x86.Build.0 = Release|Win32
	EndGlobalSection
	GlobalSection(SolutionProperties) = preSolution
		HideSolutionNode = FALSE
	EndGlobalSection
	GlobalSection(ExtensibilityGlobals) = postSolution
		SolutionGuid = {8FA2D13C-A99B-421F-BF06-A9CB5F6D95B4}
	EndGlobalSection
EndGlobal
